
Microsoft Visual Studio Solution File, Format Version 12.00
# Visual Studio 14
VisualStudioVersion = 14.0.25420.1
MinimumVisualStudioVersion = 10.0.40219.1
Project("{FAE04EC0-301F-11D3-BF4B-00C04F79EFBC}") = "77s-YouTubeDownloader", "77s-YouTubeDownloader\77s-YouTubeDownloader.csproj", "{EFB7D6FD-66F2-4923-B8DB-69A1EBAB981B}"
EndProject
Global
	GlobalSection(SolutionConfigurationPlatforms) = preSolution
		Debug|Any CPU = Debug|Any CPU
		Release|Any CPU = Release|Any CPU
	EndGlobalSection
	GlobalSection(ProjectConfigurationPlatforms) = postSolution
		{EFB7D6FD-66F2-4923-B8DB-69A1EBAB981B}.Debug|Any CPU.ActiveCfg = Debug|Any CPU
		{EFB7D6FD-66F2-4923-B8DB-69A1EBAB981B}.Debug|Any CPU.Build.0 = Debug|Any CPU
		{EFB7D6FD-66F2-4923-B8DB-69A1EBAB981B}.Release|Any CPU.ActiveCfg = Release|Any CPU
		{EFB7D6FD-66F2-4923-B8DB-69A1EBAB981B}.Release|Any CPU.Build.0 = Release|Any CPU
	EndGlobalSection
	GlobalSection(SolutionProperties) = preSolution
		HideSolutionNode = FALSE
	EndGlobalSection
EndGlobal
